
Microsoft Visual Studio Solution File, Format Version 12.00
# Visual Studio Version 17
VisualStudioVersion = 17.6.33723.286
MinimumVisualStudioVersion = 10.0.40219.1
Project("{FAE04EC0-301F-11D3-BF4B-00C04F79EFBC}") = "DSD_WinformsApp", "DSD_WinformsApp\DSD_WinformsApp.csproj", "{B904A11B-428C-4CDF-9F0D-1DF1D0F62B13}"
EndProject
Global
	GlobalSection(SolutionConfigurationPlatforms) = preSolution
		Debug|Any CPU = Debug|Any CPU
		Release|Any CPU = Release|Any CPU
	EndGlobalSection
	GlobalSection(ProjectConfigurationPlatforms) = postSolution
		{B904A11B-428C-4CDF-9F0D-1DF1D0F62B13}.Debug|Any CPU.ActiveCfg = Debug|Any CPU
		{B904A11B-428C-4CDF-9F0D-1DF1D0F62B13}.Debug|Any CPU.Build.0 = Debug|Any CPU
		{B904A11B-428C-4CDF-9F0D-1DF1D0F62B13}.Release|Any CPU.ActiveCfg = Release|Any CPU
		{B904A11B-428C-4CDF-9F0D-1DF1D0F62B13}.Release|Any CPU.Build.0 = Release|Any CPU
	EndGlobalSection
	GlobalSection(SolutionProperties) = preSolution
		HideSolutionNode = FALSE
	EndGlobalSection
	GlobalSection(ExtensibilityGlobals) = postSolution
		SolutionGuid = {4823DBD9-1B03-481D-8500-59AAA204836A}
	EndGlobalSection
EndGlobal
